# DollBloom release signing lock file.
#
# Holds the live release key itself (base64 keystore + passwords) so that
# ANY checkout — including GitHub Actions with zero secrets configured —
# can unlock signing automatically: bash unlock-signing.sh, or just run
# Gradle, which reads this file too (see app/build.gradle.kts).
#
# Trade-off, accepted on purpose: this repository is public, so everyone
# can read this key. That is what makes fully-open reproducible signing
# builds possible; see SIGNING.md for the hardened alternative
# (signing/*.enc + SIGNING_UNLOCK secret) if this file is ever removed.
storePassword=wPJ9cA6BWTekwkibvxVudgKU
keyAlias=dollbloom
keyPassword=wPJ9cA6BWTekwkibvxVudgKU
keyBase64=MIIQ0QIBAzCCEIoGCSqGSIb3DQEHAaCCEHsEghB3MIIQczCCCe8GCSqGSIb3DQEHAaCCCeAEggncMIIJ2DCCCdQGCyqGSIb3DQEMCgECoIIJezCCCXcwKQYKKoZIhvcNAQwBAzAbBBTlkXqr7zNrZdgbMqx3bb4OVCSeLgIDAMNQBIIJSK6nToRUNGPgZBixvExL1OYWMM1sPvoVi2a+1pEIYoZoqnohyPeVUEKAWKoyKS+AGk5P4T1xtUtLBtRDo94/OKuWW2IyhWK84UMGZkIBc8PQjLZ1cdjPE9HXCQ38hC///Zvc0SBPBRE0HNlI7oTeL7WmIoSWyW96QHJ0VnMpM2jqfrP/ufTIg+zWu3MWsJ7ihnq8DyzFwGUvKznUr1Q13uqA9/BRzd14wsTDoKiGZK1nQQMQJyGu4OtJnA1aeu+6x+XW2p+ywg4qI2vPtKaegAEimqd5f+DM/cHjY841D3vInSZKv0Fb1792+fvaYCVaZgps8D9goQjcwp4CRU3KPAbJXwW0M+Gu9bu89fpfH79+gULUQ+PsGk11z4wLF+lO1hUzUHGwm0yAf7kvEk3+DZoTLAWfxjoKXrZS1ncOqwUniZ6Yg1l6k7yHfSEQTZRSXAYg4lAgDvbFH1EW0i3SIdecdFTW8b53iu8cPMXvZmVw0uJHfkvG9EMWnXXOGZwWfvevAEKyJGEHJFrwJgcoPhqJFGKrts7UBnu8Iz2E2hiXfd97TZCG5i0DA76iBtkrWae/MPa6+yzEuU4Jf+9rtJbikgUeecbvXgII88Bm+OW9YOWVNAQtJfI1RaSWXML8vkfKzfHfryrtkuOLF0PbotZMBzK1WY8HZ/ReBslCsWzhwX0h0zp2NruoP27nl6gpPHwZ6fOf8jsmwRimErZf4P7DurdFuiUGvmEX9yYIhXUFxhGbeAZs/V9zpI9vhxaSBhwrg8i3g7aVtni6l6W41uiUmh+8zPdH7ysmrIqkMEE9qX0BksoCFauApKXdZIp+vAOLIgi5laWWkSpWgqfFAgMvHQbNC0BvVrqifYy4tA5CXhSetMTMdlJKX2xJ4lW0vXcnMVznE7qgnIGx6h97O1L0rnTMYS1jIsKDK8RPOMta8DC7SHS7v7dGbDdP+HW6FvrmwhBfgKz3073jG76JiOh10lg4g65PxqB+wlkeLUtEyaZGVcCNxh05sdB0cfpzrRUOzqwHLsRrB+5oKQVNwtJRZcie+Std21b70DrjOM9h/KbjrANu6FGUAsAhPX2HBwMYIBgTE8Hg9mf8BRmjJO3+tZUkXZUsYZtVTbNOLy2xN52kkggCMuWVteBB8KEdnMCN9tshaC2P3dtOc2VrF02xwfufJqRUiDazwu0n7IYKqYQ8qyAatnwQ1AwnNnGaW9hNqhrLE6cCNw/bEGG+7dPPuoNwuWuX+Wi+0zdSy1+n58SkVPqLMjhtCTel2Jawk3prY08GYXMkjKAt7nyq0fkkM5c/ER/1PmcLU9ZZOCBJcHNf6e2DE6E4/uyyyDSeDBw08rnX3Tij0TEAAWwUqt/GhbgO6CkAWaWjArAND3NyB8zV4IzdTR03AFWgrnQTfFEs0cFh+XGCRKf/MavHEPftKG/H/fdmEpqVMH+gEPIn5UpyiR+JnwEVd3Ok19xcgfKglpMMdXixbOWd60qkpOZciGozOgfrl9H8WKD8QtnNo3lss4mXzaaOXGhhvkPWqA9GQ15YKrocMiqWJfvqeteIQG777MUC8tMAuRMIbDbTZfS9TjgHEZm0wUjIAjQuPDOftzNWsxtt+XnUbkpIPPoMKLEh61eNYd2oxsQd+fg79gwfTV+oo7BmtdbbG1q4VuozpakqYf0gbEVZ1th1zzTvPn6jvHJSyYVbRtpRKhFthkVY+PJhHelOgZvLLrCM1LCVt0k1gXKHKbA/lW78+abCM8ebk5/0iANcjxwHvh0Ge1pCny5haJMz+aUEHwbaErZYvjtn6+MoDTTibJi2LQ4pyhERmfQTmUN4lOreXHfkHxKjBMajiY+lwyFn1OSG9kQqs+36u95sU2bQxsmHTMfiaj31LodCESlhLk2JNvw2rFP/B+3rTBiNfYOBmwqm6syCUQExBKyszT8qt7eOvdhycb77sD3AbyfI4G0vSjXS1JK2WE2f9pdaIBBp7mDU5/gB2jNQ32vVbLdIc5JgMLAvwyWd2YMDXxw4o8oM9jrDhbgU84zYtp1IRqdYYfbLEOVwU0kWoVGClpZ38+3K4NPE2M6TAL5TB04UN1PBRNlMwXalYATezPtvJUUAUHqG/E+1DURRHrepWHqVD3dRXh4yez4rUsn3aMWgWZmK6B5h7gJZpy2dCUEUZSXt/ePXa4gcDnIfNpoEM9YWe5ffIAk1LVu6eQKz4nPzAw/uTtrMvjL+GMLcpSepHe25MZfFpCbgXiMmdRhXprHwjd5P489uT05K9hRdHM6m7YQ7EhJKPi9fgRuj8gqVeQ3Mqe8uqyhR1kvHxj/m3PGU9xcg6huaDLneoC5DbzO/PuIoWK8RF+YcydKLoQExMA7RwWHf5h0+fh+KejOS4caWTn9bZXmkOyXyIr/vrPCgpJruY7LrBgvH7TzTQhXLaZGDy7ntvVpKKMxKX+AyaAfdkaUSvMo6z+QNbuyzQcAWG2nX6JIeGRGf+Bb2ATJwKjo1VMAJh4vghCDHrrPcDRr+dwvZG/Pc/5fOFKVAPS7X8jhYAjdQTtJKplk/oDb/PXkp+u4gKn/VXpO3BK/niA3911e6IartbHfQayHn6+FrfHx+7BdQr3GW+G2mYq8LpdN9+6unszTYl8IJabUCeXMLQ923JWpvnbMTwA70FCBkjW04AykQjZCLSQcw7mkT5ShvpMvAJ9ZUmkYeKell55/fYglQF31YDjVvx/O7/Ftpy+9OlbaWJj/qQrPMU1laWSGG0uV/q4Ifx/axzFA1BDSyt7Qb+hIu401NdwJvIW0ZwphnYWDLbncTvukTOdPRIDqxyBYlQ0b4Cqe621t7/FIq5LrOTWVlHmBjb3qpbJx7fa4EVJrA0moNQYAdxMOUKNyvLHZuh0zknBaTIEjHCQb4PP5f37AWTaugDFtA+Hq9tsKLnxDlyx3iQ7pTUqvVqWEtecowmtq91CPHLyDtVHlqaDrrQPSHfZQTlA/MLuzSHnvvnv8Cz1NXL2VCBtXAPgF7TiSYGTzkBvFRr4ggCkO4QoSbp9Df7vwotVpHZTZFDbpiFXBRNN2bNeLGXYKdmZz9+59UGKKZfRrPTTG9kfV0yKHWlMif5vF9MaLGSzj/Zfw3RStb2PV+Zoow0Lknf++Z6Jfg8uhN8C6dGFz6sBW7zKO7RUJLk9fcvre4GjFGMCEGCSqGSIb3DQEJFDEUHhIAZABvAGwAbABiAGwAbwBvAG0wIQYJKoZIhvcNAQkVMRQEElRpbWUgMTc5MTI5NTIyMTI4MTCCBnwGCSqGSIb3DQEHBqCCBm0wggZpAgEAMIIGYgYJKoZIhvcNAQcBMCkGCiqGSIb3DQEMAQYwGwQUPm/tnhDBTKLH9hJk23nRawGrktICAwDDUICCBigJJPxSXgOrnsHVEdEK2ubCAl/PHxonVG3XRPK+E67ptH106nG+CDatfrHyh+F6bkN8IBZDdAJsMyCfTNULOhnVhFRv/RbtVEqa20OOhO8NyAqOQfB1tZvNMnfkZl5QmWfz+CljlVXWh6mwYM/40/rbOJpklOcKbrCm7uajUeTAtoj+6Y4ZBXyW7Av+IhQpVISXr1Wmind/QDx0JTbaZYpBSYie4ItK1RZmGFc1aWqGeohPGplMvpaDc7L84jhtGA0Nvb3tZQYxUUbQS2lGyB4UM/2WqfM5uXFRsu8mNzUEwMsVYgfOekTzf1k+tiqVgsW+njt86+FyBdg3gC5+MQZHi16T/DSm6Foxi2qfJzAg1bqiwnsWeiXx1TsnJS/GSCsUzGquLooxaaI7af/xf0A3iEeVvvVGiT1JIo4FG0sfqdF2wAv1wWo9TDmhfukMthSxY/N9SdPx9kAxZWTms5E0cOAJl8so7h1RlTeTJ940Yd2cCcqXcu9zq8TfIB7FDz4OYZHk1pw92LLP4opiJfSpUR7U6C95+9uvXvQmvGYyTdu+15DbN5TviXnYhbvG4dpVLTNe3NCbD46NjjlMc77vBG//vTK4NHcurTSsxgy4fFdmBImCMVIaoto7vwfcbxnCOr16+KI0a7JDK/sWBvPUxCAWFaYcltJ+IFmj2hdW6XcmW6jPTfNy0WAdNZkO+bzjCuJ8vt8CABviZHV3LpAfSz3X2eqz7kY6TTjz0MOkCq+5fMmFXmvYSI/UJMzySfJ8QhD5qkeOjFVWe8aVb1E9gZV9T0mT1b1rw1EOzT8aezmhRyp/DuXj1+IGkD6yI8N7tYnhNooY3tMRvAQzDpJzaxNOo/qRubujm6MsiEKHqp8oIcEdFO2UQ5km41kWasnYPCnAM5OnslDopBUI+XvNU4Hdsa/KRAHDUOmQLcDDSBZOx6YDrBH9ap5lZyrQQmEaKQmKTmI9FN5DvKIo98OF5i+81709EcD8kabFRUiWKMuGy78SiPAHPMILTF2C4T8pjG2vUyIBs+x5mqUdK2iER1KFUzxDfMO6C77+rQeY5VYz3MGkKucfihtwZ+f2KVmzAJc44HnlIE5qYLlDRENY4oalwP4vyos003uYTQUve19cW5Za6OzVsheU65tUDiV1MDJYcr4gZ/ivgYfhyXnuVg2kePW3WQVfgAzNZ9cm6urwYYLPkI38hyOH2L0DByq4ggH0HRz3m0vWPftCpJXAeuuf/kgS0SN0i6TiBxaKRmMLVGYSC1QntSmLFRLHua4mw5qUjmJcYGaFkXnsFJcjEeRIrm7OKWM5FWgO8MVPhAKURYOUKfbMOouGfkGxytbDxesciZminqC+LCghHQKEPDr1WjCtfoSHBQXp3/3XY0LWG8JYATX1lt7ERf7HQlz4ClYdxtCYnVxKujUw2gWy8pA9b7wYGAedOC2QhMC4xMxzrF/Ezr8FRxVOCYU1qVGerApJOyGR82xsTONSbNrK13WxurDPKj4YO9HvCwxAWAKx+wbg7ZqOM5KsJnTpjxXwsm+q9+Icuq3AbLmYszfMFiDPN2l7PoPf/o7wi6YO4aZRtpxKaIJluRWr6qqZVTh5Hunv8BYwCwS7gqjtFsopMhSsfDayRw1JhvqJzphPWL/H9Yg06tdr08O/RK2JP1RkqBAMu4g/o/IXfIi+9MKnW9Hs/ytg2WcS8YyUiUYfqnwMRLRVx9C1wlnOn86WuPd3Ezw4iiV4hj8TDvNNt0YH1s2gz+BJBYuf13VXG1Jol5AOmKYYe/fzx2Kf/IhmrFi4uEcbuhKvZBcKnLl0fOS8QmYXJiDO1NoI7HbpEIhz01cAR8kAOD8LzXBYH7sLmSxRfTg+TIOuiO16TWwpwLYp8LuV+PxzyaSRukXVqg5m7eUVyROSgutGiBD7ICquDnpDHmjUzluraKljnQI9dopjVxVcsO5TZ+o9hDRHCu6Ji9a0BK2G6GpuUIlGgUKMMm9sPgsclKt+yhwasrMRBfTzt3sghkg+LUQuYty2XbzNzoBNvznyk7rTXgWo5z1Vx2fy3k2HxtJ5k/+8LZTxOJBEK5xqZCkQ1GIiQRzZKeoWY1uTT4+EnOloMD4wITAJBgUrDgMCGgUABBRV8gOSSRiFmmmTuJ+PWfFb90p6TwQUNgL2RUOUmHGaYTi5+mrCps9rTQQCAwGGoA==
